
Microsoft Visual Studio Solution File, Format Version 12.00
# Visual Studio Version 17
VisualStudioVersion = 17.5.33414.496
MinimumVisualStudioVersion = 10.0.40219.1
Project("{9A19103F-16F7-4668-BE54-9A1E7A4F7556}") = "Application", "..\Application\Application.csproj", "{0C6B3BDD-9010-4D70-B5A1-B10C0DD49ADB}"
EndProject
Project("{9A19103F-16F7-4668-BE54-9A1E7A4F7556}") = "Models", "..\Domain\Models.csproj", "{7366422D-8CF1-4DC3-B24A-96209BB3C96D}"
EndProject
Project("{9A19103F-16F7-4668-BE54-9A1E7A4F7556}") = "Presentation", "..\Presentation\Presentation.csproj", "{C65A87FB-0062-4482-BFAF-A12283946D21}"
EndProject
Project("{9A19103F-16F7-4668-BE54-9A1E7A4F7556}") = "GameStatistics", "..\GameStatistics\GameStatistics.csproj", "{67D8303E-0E1E-4B39-A8A2-DF42F1BDC840}"
EndProject
Project("{9A19103F-16F7-4668-BE54-9A1E7A4F7556}") = "UnitTesting", "..\Unit-Testing\UnitTesting.csproj", "{92248841-D695-4792-B159-02AFC370A583}"
EndProject
Global
	GlobalSection(SolutionConfigurationPlatforms) = preSolution
		Debug|Any CPU = Debug|Any CPU
		Release|Any CPU = Release|Any CPU
	EndGlobalSection
	GlobalSection(ProjectConfigurationPlatforms) = postSolution
		{0C6B3BDD-9010-4D70-B5A1-B10C0DD49ADB}.Debug|Any CPU.ActiveCfg = Debug|Any CPU
		{0C6B3BDD-9010-4D70-B5A1-B10C0DD49ADB}.Debug|Any CPU.Build.0 = Debug|Any CPU
		{0C6B3BDD-9010-4D70-B5A1-B10C0DD49ADB}.Release|Any CPU.ActiveCfg = Release|Any CPU
		{0C6B3BDD-9010-4D70-B5A1-B10C0DD49ADB}.Release|Any CPU.Build.0 = Release|Any CPU
		{7366422D-8CF1-4DC3-B24A-96209BB3C96D}.Debug|Any CPU.ActiveCfg = Debug|Any CPU
		{7366422D-8CF1-4DC3-B24A-96209BB3C96D}.Debug|Any CPU.Build.0 = Debug|Any CPU
		{7366422D-8CF1-4DC3-B24A-96209BB3C96D}.Release|Any CPU.ActiveCfg = Release|Any CPU
		{7366422D-8CF1-4DC3-B24A-96209BB3C96D}.Release|Any CPU.Build.0 = Release|Any CPU
		{C65A87FB-0062-4482-BFAF-A12283946D21}.Debug|Any CPU.ActiveCfg = Debug|Any CPU
		{C65A87FB-0062-4482-BFAF-A12283946D21}.Debug|Any CPU.Build.0 = Debug|Any CPU
		{C65A87FB-0062-4482-BFAF-A12283946D21}.Release|Any CPU.ActiveCfg = Release|Any CPU
		{C65A87FB-0062-4482-BFAF-A12283946D21}.Release|Any CPU.Build.0 = Release|Any CPU
		{67D8303E-0E1E-4B39-A8A2-DF42F1BDC840}.Debug|Any CPU.ActiveCfg = Debug|Any CPU
		{67D8303E-0E1E-4B39-A8A2-DF42F1BDC840}.Debug|Any CPU.Build.0 = Debug|Any CPU
		{67D8303E-0E1E-4B39-A8A2-DF42F1BDC840}.Release|Any CPU.ActiveCfg = Release|Any CPU
		{67D8303E-0E1E-4B39-A8A2-DF42F1BDC840}.Release|Any CPU.Build.0 = Release|Any CPU
		{92248841-D695-4792-B159-02AFC370A583}.Debug|Any CPU.ActiveCfg = Debug|Any CPU
		{92248841-D695-4792-B159-02AFC370A583}.Debug|Any CPU.Build.0 = Debug|Any CPU
		{92248841-D695-4792-B159-02AFC370A583}.Release|Any CPU.ActiveCfg = Release|Any CPU
		{92248841-D695-4792-B159-02AFC370A583}.Release|Any CPU.Build.0 = Release|Any CPU
	EndGlobalSection
	GlobalSection(SolutionProperties) = preSolution
		HideSolutionNode = FALSE
	EndGlobalSection
	GlobalSection(ExtensibilityGlobals) = postSolution
		SolutionGuid = {35E5E7DC-F36A-4734-98DF-D6F34EF4D3D1}
	EndGlobalSection
EndGlobal
